dependencies:
- name: memcached
  repository: oci://registry-1.docker.io/bitnamicharts
  version: 6.5.2
- name: redis
  repository: oci://registry-1.docker.io/bitnamicharts
  version: 17.11.3
- name: kafka
  repository: oci://registry-1.docker.io/bitnamicharts
  version: 26.4.3
- name: clickhouse
  repository: https://sentry-kubernetes.github.io/charts
  version: 3.5.0
- name: zookeeper
  repository: https://raw.githubusercontent.com/bitnami/charts/pre-2022/bitnami
  version: 9.0.0
- name: rabbitmq
  repository: oci://registry-1.docker.io/bitnamicharts
  version: 11.15.3
- name: postgresql
  repository: oci://registry-1.docker.io/bitnamicharts
  version: 12.5.1
- name: nginx
  repository: oci://registry-1.docker.io/bitnamicharts
  version: 14.2.2
digest: sha256:1c4ba37f8109177177dfb6904e02f0797a1878c215da3bda89040c3bea8fc901
generated: "2023-11-29T15:54:43.760687149Z"
