dependencies:
- name: memcached
  repository: oci://registry-1.docker.io/bitnamicharts
  version: 6.5.2
- name: redis
  repository: oci://registry-1.docker.io/bitnamicharts
  version: 17.11.3
- name: kafka
  repository: oci://registry-1.docker.io/bitnamicharts
  version: 22.1.3
- name: clickhouse
  repository: https://sentry-kubernetes.github.io/charts
  version: 3.5.0
- name: zookeeper
  repository: https://raw.githubusercontent.com/bitnami/charts/pre-2022/bitnami
  version: 9.0.0
- name: rabbitmq
  repository: oci://registry-1.docker.io/bitnamicharts
  version: 11.15.3
- name: postgresql
  repository: oci://registry-1.docker.io/bitnamicharts
  version: 13.2.23
- name: nginx
  repository: oci://registry-1.docker.io/bitnamicharts
  version: 14.2.2
digest: sha256:cae7fa7b465e0d3d6b00b8c4b5d1be24d3d2929751f47cdca7b411307abb5380
generated: "2023-12-01T11:24:40.84249194Z"
